# This file is autogenerated, do not edit; changes may be undone by the next 'dep ensure'.


[[projects]]
  branch = "master"
  name = "github.com/Azure/go-ansiterm"
  packages = [".","winterm"]
  revision = "d6e3b3328b783f23731bc4d058875b0371ff8109"

[[projects]]
  name = "github.com/Sirupsen/logrus"
  packages = ["."]
  revision = "f006c2ac4710855cf0f916dd6b77acf6b048dc6e"
  version = "v1.0.3"

[[projects]]
  name = "github.com/docker/docker"
  packages = ["pkg/term","pkg/term/windows"]
  revision = "092cba3727bb9b4a2f0e922cd6c0f93ea270e363"
  version = "v1.13.1"

[[projects]]
  name = "github.com/docker/machine"
  packages = ["libmachine/drivers","libmachine/drivers/plugin","libmachine/drivers/plugin/localbinary","libmachine/drivers/rpc","libmachine/log","libmachine/mcnflag","libmachine/mcnutils","libmachine/ssh","libmachine/state","libmachine/version","version"]
  revision = "9ba6da9ebd1140b65eb73e1ce08086ca72764c60"
  version = "v0.13.0"

[[projects]]
  branch = "master"
  name = "github.com/uesyn/gokcps"
  packages = ["."]
  revision = "8caff77819e8798e722fe166a40890768e4c972c"

[[projects]]
  branch = "master"
  name = "golang.org/x/crypto"
  packages = ["curve25519","ed25519","ed25519/internal/edwards25519","ssh","ssh/terminal"]
  revision = "9f005a07e0d31d45e6656d241bb5c0f2efd4bc94"

[[projects]]
  branch = "master"
  name = "golang.org/x/sys"
  packages = ["unix","windows"]
  revision = "0ac51a24ef1c37380f98ba8b98f56e3bffd59850"

[solve-meta]
  analyzer-name = "dep"
  analyzer-version = 1
  inputs-digest = "6b00a79d913484f663cd675c36db63be0766deadfda4d1d5d59bb76168efa3c6"
  solver-name = "gps-cdcl"
  solver-version = 1
